X THIS IS AN AUTOGENERATED FILE. DO NOT EDIT THIS FILE DIRECTLY.
X yarn lockfile v1


clipboard-copy@^3.0.0:
  version "3.2.0"
  resolved "https://registry.yarnpkg.com/clipboard-copy/-/clipboard-copy-3.2.0.tgzX3c5b8651d3512dcfad295d77a9eb09e7fac8d5fb"
  integrity sha512-vooFaGFL6ulEP1liiaWFBmmfuPm3cY3y7T9eB83ZTnYc/oFeAKsq3NcDrOkBC8XaauEE8zHQwI7k0+JSYiVQSQ==

use-clipboard-copy@^0.2.0:
  version "0.2.0"
  resolved "https://registry.yarnpkg.com/use-clipboard-copy/-/use-clipboard-copy-0.2.0.tgzXe1f31f2b21e369bc79b5d7b358e2c8aece6ef264"
  integrity sha512-f0PMMwZ2/Hh9/54L12capx4s6ASdd6edNJxg2OcqWVNM8BPvtOSmNFIN1Dg/q//fPp8MpUZceHfr7cnWOS0RxA==
  dependencies:
    clipboard-copy "^3.0.0"
